
Microsoft Visual Studio Solution File, Format Version 12.00
# Visual Studio 15
VisualStudioVersion = 15.0.26124.0
MinimumVisualStudioVersion = 15.0.26124.0
Project("{2150E333-8FDC-42A3-9474-1A3956D46DE8}") = "src", "src", "{F7CDCC34-91E1-4579-AA70-84CBD86C1732}"
EndProject
Project("{FAE04EC0-301F-11D3-BF4B-00C04F79EFBC}") = "Gradebook", "src\Gradebook\Gradebook.csproj", "{9D86DADC-144F-46E4-9ED6-EB3405F93CFC}"
EndProject
Project("{2150E333-8FDC-42A3-9474-1A3956D46DE8}") = "test", "test", "{6E664DC2-5A3E-49B8-8544-28FEDE9FBB9C}"
EndProject
Project("{FAE04EC0-301F-11D3-BF4B-00C04F79EFBC}") = "Gradebook.Tests", "test\Gradebook.Tests\Gradebook.Tests.csproj", "{8231F32A-9233-4478-9898-808532F2E3BA}"
EndProject
Global
	GlobalSection(SolutionConfigurationPlatforms) = preSolution
		Debug|Any CPU = Debug|Any CPU
		Debug|x64 = Debug|x64
		Debug|x86 = Debug|x86
		Release|Any CPU = Release|Any CPU
		Release|x64 = Release|x64
		Release|x86 = Release|x86
	EndGlobalSection
	GlobalSection(SolutionProperties) = preSolution
		HideSolutionNode = FALSE
	EndGlobalSection
	GlobalSection(ProjectConfigurationPlatforms) = postSolution
		{9D86DADC-144F-46E4-9ED6-EB3405F93CFC}.Debug|Any CPU.ActiveCfg = Debug|Any CPU
		{9D86DADC-144F-46E4-9ED6-EB3405F93CFC}.Debug|Any CPU.Build.0 = Debug|Any CPU
		{9D86DADC-144F-46E4-9ED6-EB3405F93CFC}.Debug|x64.ActiveCfg = Debug|Any CPU
		{9D86DADC-144F-46E4-9ED6-EB3405F93CFC}.Debug|x64.Build.0 = Debug|Any CPU
		{9D86DADC-144F-46E4-9ED6-EB3405F93CFC}.Debug|x86.ActiveCfg = Debug|Any CPU
		{9D86DADC-144F-46E4-9ED6-EB3405F93CFC}.Debug|x86.Build.0 = Debug|Any CPU
		{9D86DADC-144F-46E4-9ED6-EB3405F93CFC}.Release|Any CPU.ActiveCfg = Release|Any CPU
		{9D86DADC-144F-46E4-9ED6-EB3405F93CFC}.Release|Any CPU.Build.0 = Release|Any CPU
		{9D86DADC-144F-46E4-9ED6-EB3405F93CFC}.Release|x64.ActiveCfg = Release|Any CPU
		{9D86DADC-144F-46E4-9ED6-EB3405F93CFC}.Release|x64.Build.0 = Release|Any CPU
		{9D86DADC-144F-46E4-9ED6-EB3405F93CFC}.Release|x86.ActiveCfg = Release|Any CPU
		{9D86DADC-144F-46E4-9ED6-EB3405F93CFC}.Release|x86.Build.0 = Release|Any CPU
		{8231F32A-9233-4478-9898-808532F2E3BA}.Debug|Any CPU.ActiveCfg = Debug|Any CPU
		{8231F32A-9233-4478-9898-808532F2E3BA}.Debug|Any CPU.Build.0 = Debug|Any CPU
		{8231F32A-9233-4478-9898-808532F2E3BA}.Debug|x64.ActiveCfg = Debug|Any CPU
		{8231F32A-9233-4478-9898-808532F2E3BA}.Debug|x64.Build.0 = Debug|Any CPU
		{8231F32A-9233-4478-9898-808532F2E3BA}.Debug|x86.ActiveCfg = Debug|Any CPU
		{8231F32A-9233-4478-9898-808532F2E3BA}.Debug|x86.Build.0 = Debug|Any CPU
		{8231F32A-9233-4478-9898-808532F2E3BA}.Release|Any CPU.ActiveCfg = Release|Any CPU
		{8231F32A-9233-4478-9898-808532F2E3BA}.Release|Any CPU.Build.0 = Release|Any CPU
		{8231F32A-9233-4478-9898-808532F2E3BA}.Release|x64.ActiveCfg = Release|Any CPU
		{8231F32A-9233-4478-9898-808532F2E3BA}.Release|x64.Build.0 = Release|Any CPU
		{8231F32A-9233-4478-9898-808532F2E3BA}.Release|x86.ActiveCfg = Release|Any CPU
		{8231F32A-9233-4478-9898-808532F2E3BA}.Release|x86.Build.0 = Release|Any CPU
	EndGlobalSection
	GlobalSection(NestedProjects) = preSolution
		{9D86DADC-144F-46E4-9ED6-EB3405F93CFC} = {F7CDCC34-91E1-4579-AA70-84CBD86C1732}
		{8231F32A-9233-4478-9898-808532F2E3BA} = {6E664DC2-5A3E-49B8-8544-28FEDE9FBB9C}
	EndGlobalSection
EndGlobal
